github.com/hugomods/bootstrap v0.24.1 h1:HUJWnN5duZV4MtcwALvcQcMdU/o2pssJfHPEsq0Qrkk=
github.com/hugomods/bootstrap v0.24.1/go.mod h1:lCGwW9J0KeuRzlSWdJTHM9ptS9XYVGVtSAGE2xAL73Y=
github.com/hugomods/icons v0.6.6 h1:gGlafcBDRP7sSID+tgLcWdog+s/QBj8DIfU+h9tZj1U=
github.com/hugomods/icons v0.6.6/go.mod h1:cIkSvK6W0q6N4U6n9KGz+QfRWQXAW0INd+1P31gPNGg=
github.com/hugomods/utterances v0.1.0 h1:0mEKjG4eke/jdTPIxL2qfdm9W9TFpqgWh1x6d1n7Xg8=
github.com/hugomods/utterances v0.1.0/go.mod h1:p6YjYb9iUozzKTP6V6Rhw3DCaZeXv+qonNVl+UZE0A8=
github.com/twbs/icons v1.13.1 h1:6bmNXvoeIbvjFWjfbjXg5JGbelLD1haIsMaEIzE9UZI=
github.com/twbs/icons v1.13.1/go.mod h1:GnRlymgVWp5iVJCMa0Me5b6tFyGpVc2bSxPMRGIJmyA=
